
Microsoft Visual Studio Solution File, Format Version 12.00
# Visual Studio Version 17
VisualStudioVersion = 17.7.34024.191
MinimumVisualStudioVersion = 10.0.40219.1
Project("{FAE04EC0-301F-11D3-BF4B-00C04F79EFBC}") = "Task 1", "Task 1\Task 1.csproj", "{159AC59F-4EBD-454D-9EF3-9E7DA5CFF69B}"
EndProject
Global
	GlobalSection(SolutionConfigurationPlatforms) = preSolution
		Debug|Any CPU = Debug|Any CPU
		Release|Any CPU = Release|Any CPU
	EndGlobalSection
	GlobalSection(ProjectConfigurationPlatforms) = postSolution
		{159AC59F-4EBD-454D-9EF3-9E7DA5CFF69B}.Debug|Any CPU.ActiveCfg = Debug|Any CPU
		{159AC59F-4EBD-454D-9EF3-9E7DA5CFF69B}.Debug|Any CPU.Build.0 = Debug|Any CPU
		{159AC59F-4EBD-454D-9EF3-9E7DA5CFF69B}.Release|Any CPU.ActiveCfg = Release|Any CPU
		{159AC59F-4EBD-454D-9EF3-9E7DA5CFF69B}.Release|Any CPU.Build.0 = Release|Any CPU
	EndGlobalSection
	GlobalSection(SolutionProperties) = preSolution
		HideSolutionNode = FALSE
	EndGlobalSection
	GlobalSection(ExtensibilityGlobals) = postSolution
		SolutionGuid = {8F7917B9-1185-4AFD-8653-67E70E91783A}
	EndGlobalSection
EndGlobal
